6f815e6ac7d9146263093cedde93cf9bebf8db1f1f84f992ac43a54e8667f9eb  verify.py
6a1b7024b651e5d2bc6da742ee88ea6e05eb233295e9ab52049f06ba5b425fd0  PROMPT.md
41719c474295cc644e2df78e3aa905c7246d4925df8453b37ca226767ba73e93  AGENTS.md
82b02a469832158aeef6efb77fe04470436d7eb0fe256742908cd018141c7ab7  specs/00-overview.md
9113a1b3dbceadfc37c744ad1ec706e3723dfa4c3e27bbf47f19df4b41ea8d4c  specs/01-domain.md
8a1f2a5c035916a0b2010ff9b3ec6b81e16be2ac3fde5dcec063d591be2f7c99  specs/02-name-rules.md
108375d328d78e611412b0c82c10d84873691ae34a745c665549e7c4e79abfc4  specs/03-api.md
f55e72407e0711a36d9d7226fa059375da4c02ecbef6b2b42349c9c4190c900c  specs/04-frontend.md
43abca567dd5c310ea77e6504932da365e675bc6fe34a26c067eb8256397d838  specs/05-schema.md
36858c99247188aa88e777f5854b813a70fdaae326c331c0bd822d2978eddcc5  tools/gen_cases.py
2382ad75aa1ffd52c649d01a59cf9fe26d00ed8fa32e711f801a557c8b1e666d  tools/oracle_lock.py
71becbd17ece5b3974e4aa0c3533555ccd4aec0856beaa0775097bdd287ae3bf  backend/src/main/resources/db/migration/V1__init.sql
0fad03324f1bc11c41ae84925ac05a82f6f00da52764c892781a1754c1bbd7ef  backend/src/test/java/ots/charcreate/acceptance/AcceptanceTest.java
18e9210f227ef69f5ace33722ba52383ac17aab61e7354a5795bdf23235d768a  backend/src/test/resources/acceptance/cases.json
01edcfaf8c124c574e6d071974ebd3c201d90c3c4bada943be2950ee3fc0baf8  frontend/tests/acceptance/expected.json
f5aeb0f8642c8fabf9ab76c72e0ada41b61b7e58ac5196a81991f066efed273e  frontend/tests/acceptance/form.test.tsx
