6f815e6ac7d9146263093cedde93cf9bebf8db1f1f84f992ac43a54e8667f9eb  verify.py
6a1b7024b651e5d2bc6da742ee88ea6e05eb233295e9ab52049f06ba5b425fd0  PROMPT.md
16dda91ea4730d8bb0c6a7e914d38ca3f68f3a5b66263d7a0cdddbada1477da0  AGENTS.md
82b02a469832158aeef6efb77fe04470436d7eb0fe256742908cd018141c7ab7  specs/00-overview.md
9113a1b3dbceadfc37c744ad1ec706e3723dfa4c3e27bbf47f19df4b41ea8d4c  specs/01-domain.md
8a1f2a5c035916a0b2010ff9b3ec6b81e16be2ac3fde5dcec063d591be2f7c99  specs/02-name-rules.md
108375d328d78e611412b0c82c10d84873691ae34a745c665549e7c4e79abfc4  specs/03-api.md
f55e72407e0711a36d9d7226fa059375da4c02ecbef6b2b42349c9c4190c900c  specs/04-frontend.md
43abca567dd5c310ea77e6504932da365e675bc6fe34a26c067eb8256397d838  specs/05-schema.md
05a8f9ec5d8f3b19c30c57c88c3aea75ada53f38da109a9bcd2f3472a00ff59c  ralph.ps1
00a4d6e5d37119ffce3fcdaa8ce1cee063839ca2ca7a480169c645854a7a724b  ralph.sh
36858c99247188aa88e777f5854b813a70fdaae326c331c0bd822d2978eddcc5  tools/gen_cases.py
2ecc864e785ac4e69dc5a82161fd6a801501da25781f0067b13b858befd566f7  tools/iteration_report.py
a821d16e821b536e0cdd58a3e419c22f87b95cf5828e6248e39839eb98c1328c  tools/oracle_lock.py
71becbd17ece5b3974e4aa0c3533555ccd4aec0856beaa0775097bdd287ae3bf  backend/src/main/resources/db/migration/V1__init.sql
0fad03324f1bc11c41ae84925ac05a82f6f00da52764c892781a1754c1bbd7ef  backend/src/test/java/ots/charcreate/acceptance/AcceptanceTest.java
18e9210f227ef69f5ace33722ba52383ac17aab61e7354a5795bdf23235d768a  backend/src/test/resources/acceptance/cases.json
01edcfaf8c124c574e6d071974ebd3c201d90c3c4bada943be2950ee3fc0baf8  frontend/tests/acceptance/expected.json
f5aeb0f8642c8fabf9ab76c72e0ada41b61b7e58ac5196a81991f066efed273e  frontend/tests/acceptance/form.test.tsx
